
Microsoft Visual Studio Solution File, Format Version 12.00
# Visual Studio Version 17
VisualStudioVersion = 17.0.32014.148
MinimumVisualStudioVersion = 10.0.40219.1
Project("{FAE04EC0-301F-11D3-BF4B-00C04F79EFBC}") = "PictureSave_Project", "PictureSave_Project\PictureSave_Project.csproj", "{0418364F-0EC1-467C-9483-AFA7A72F608F}"
EndProject
Global
	GlobalSection(SolutionConfigurationPlatforms) = preSolution
		Debug|Any CPU = Debug|Any CPU
		Release|Any CPU = Release|Any CPU
	EndGlobalSection
	GlobalSection(ProjectConfigurationPlatforms) = postSolution
		{0418364F-0EC1-467C-9483-AFA7A72F608F}.Debug|Any CPU.ActiveCfg = Debug|Any CPU
		{0418364F-0EC1-467C-9483-AFA7A72F608F}.Debug|Any CPU.Build.0 = Debug|Any CPU
		{0418364F-0EC1-467C-9483-AFA7A72F608F}.Release|Any CPU.ActiveCfg = Release|Any CPU
		{0418364F-0EC1-467C-9483-AFA7A72F608F}.Release|Any CPU.Build.0 = Release|Any CPU
	EndGlobalSection
	GlobalSection(SolutionProperties) = preSolution
		HideSolutionNode = FALSE
	EndGlobalSection
	GlobalSection(ExtensibilityGlobals) = postSolution
		SolutionGuid = {71CDE5BD-E2F8-4F07-A899-DEE9A3AB7EDD}
	EndGlobalSection
EndGlobal
